
Microsoft Visual Studio Solution File, Format Version 9.00
# Visual Studio 2005
Project("{8BC9CEB8-8B4A-11D0-8D11-00A0C91BC942}") = "EchoServer", "EchoServer\EchoServer.vcproj", "{76E47389-EF41-4BC4-9653-CC23893AFF9B}"
EndProject
Project("{8BC9CEB8-8B4A-11D0-8D11-00A0C91BC942}") = "EchoClient", "EchoClient\EchoClient.vcproj", "{D475FFB0-4913-4ABD-AFFE-C4753162A773}"
EndProject
Global
	GlobalSection(SolutionConfigurationPlatforms) = preSolution
		Debug|Win32 = Debug|Win32
		Release|Win32 = Release|Win32
	EndGlobalSection
	GlobalSection(ProjectConfigurationPlatforms) = postSolution
		{76E47389-EF41-4BC4-9653-CC23893AFF9B}.Debug|Win32.ActiveCfg = Debug|Win32
		{76E47389-EF41-4BC4-9653-CC23893AFF9B}.Debug|Win32.Build.0 = Debug|Win32
		{76E47389-EF41-4BC4-9653-CC23893AFF9B}.Release|Win32.ActiveCfg = Release|Win32
		{76E47389-EF41-4BC4-9653-CC23893AFF9B}.Release|Win32.Build.0 = Release|Win32
		{D475FFB0-4913-4ABD-AFFE-C4753162A773}.Debug|Win32.ActiveCfg = Debug|Win32
		{D475FFB0-4913-4ABD-AFFE-C4753162A773}.Debug|Win32.Build.0 = Debug|Win32
		{D475FFB0-4913-4ABD-AFFE-C4753162A773}.Release|Win32.ActiveCfg = Release|Win32
		{D475FFB0-4913-4ABD-AFFE-C4753162A773}.Release|Win32.Build.0 = Release|Win32
	EndGlobalSection
	GlobalSection(SolutionProperties) = preSolution
		HideSolutionNode = FALSE
	EndGlobalSection
EndGlobal
